// !$*UTF8*$!
{
	archiveVersion = 1;
	classes = {
	};
	objectVersion = 77;
	objects = {

/* Begin PBXBuildFile section */
		571E879E2FDB0BDF00D2C2E9 /* WidgetKit.framework in Frameworks */ = {isa = PBXBuildFile; fileRef = 571E879D2FDB0BDF00D2C2E9 /* WidgetKit.framework */; };
		571E87A02FDB0BDF00D2C2E9 /* SwiftUI.framework in Frameworks */ = {isa = PBXBuildFile; fileRef = 571E879F2FDB0BDF00D2C2E9 /* SwiftUI.framework */; };
		571E87AD2FDB0BE000D2C2E9 /* WelloWidgetExtension.appex in Embed Foundation Extensions */ = {isa = PBXBuildFile; fileRef = 571E879B2FDB0BDF00D2C2E9 /* WelloWidgetExtension.appex */; settings = {ATTRIBUTES = (RemoveHeadersOnCopy, ); }; };
		571E87BD2FDB0E8000D2C2E9 /* WelloKit in Frameworks */ = {isa = PBXBuildFile; productRef = 571E87BC2FDB0E8000D2C2E9 /* WelloKit */; };
		573503152FE58E200005C676 /* WelloWatch Watch App.app in Embed Watch Content */ = {isa = PBXBuildFile; fileRef = 573502F52FE58E1F0005C676 /* WelloWatch Watch App.app */; settings = {ATTRIBUTES = (RemoveHeadersOnCopy, ); }; };
		5735032B2FE58EF90005C676 /* WelloKit in Frameworks */ = {isa = PBXBuildFile; productRef = 5735032A2FE58EF90005C676 /* WelloKit */; };
		5739CB8F2FD14EB300F3EF30 /* Wello.storekit in Resources */ = {isa = PBXBuildFile; fileRef = 5739CB8E2FD14EB300F3EF30 /* Wello.storekit */; };
		57493DE22FD06BB00017F901 /* WelloKit in Frameworks */ = {isa = PBXBuildFile; productRef = 57493DE12FD06BB00017F901 /* WelloKit */; };
/* End PBXBuildFile section */

/* Begin PBXContainerItemProxy section */
		571E87AB2FDB0BE000D2C2E9 /* PBXContainerItemProxy */ = {
			isa = PBXContainerItemProxy;
			containerPortal = 57493D8A2FD067130017F901 /* Project object */;
			proxyType = 1;
			remoteGlobalIDString = 571E879A2FDB0BDF00D2C2E9;
			remoteInfo = WelloWidgetExtension;
		};
		573503022FE58E200005C676 /* PBXContainerItemProxy */ = {
			isa = PBXContainerItemProxy;
			containerPortal = 57493D8A2FD067130017F901 /* Project object */;
			proxyType = 1;
			remoteGlobalIDString = 573502F42FE58E1F0005C676;
			remoteInfo = "WelloWatch Watch App";
		};
		5735030C2FE58E200005C676 /* PBXContainerItemProxy */ = {
			isa = PBXContainerItemProxy;
			containerPortal = 57493D8A2FD067130017F901 /* Project object */;
			proxyType = 1;
			remoteGlobalIDString = 573502F42FE58E1F0005C676;
			remoteInfo = "WelloWatch Watch App";
		};
		573503132FE58E200005C676 /* PBXContainerItemProxy */ = {
			isa = PBXContainerItemProxy;
			containerPortal = 57493D8A2FD067130017F901 /* Project object */;
			proxyType = 1;
			remoteGlobalIDString = 573502F42FE58E1F0005C676;
			remoteInfo = "WelloWatch Watch App";
		};
		57493DA02FD067150017F901 /* PBXContainerItemProxy */ = {
			isa = PBXContainerItemProxy;
			containerPortal = 57493D8A2FD067130017F901 /* Project object */;
			proxyType = 1;
			remoteGlobalIDString = 57493D912FD067130017F901;
			remoteInfo = Wello;
		};
		57493DAA2FD067150017F901 /* PBXContainerItemProxy */ = {
			isa = PBXContainerItemProxy;
			containerPortal = 57493D8A2FD067130017F901 /* Project object */;
			proxyType = 1;
			remoteGlobalIDString = 57493D912FD067130017F901;
			remoteInfo = Wello;
		};
/* End PBXContainerItemProxy section */

/* Begin PBXCopyFilesBuildPhase section */
		571E87AE2FDB0BE000D2C2E9 /* Embed Foundation Extensions */ = {
			isa = PBXCopyFilesBuildPhase;
			buildActionMask = 2147483647;
			dstPath = "";
			dstSubfolderSpec = 13;
			files = (
				571E87AD2FDB0BE000D2C2E9 /* WelloWidgetExtension.appex in Embed Foundation Extensions */,
			);
			name = "Embed Foundation Extensions";
			runOnlyForDeploymentPostprocessing = 0;
		};
		573503192FE58E200005C676 /* Embed Watch Content */ = {
			isa = PBXCopyFilesBuildPhase;
			buildActionMask = 2147483647;
			dstPath = "$(CONTENTS_FOLDER_PATH)/Watch";
			dstSubfolderSpec = 16;
			files = (
				573503152FE58E200005C676 /* WelloWatch Watch App.app in Embed Watch Content */,
			);
			name = "Embed Watch Content";
			runOnlyForDeploymentPostprocessing = 0;
		};
/* End PBXCopyFilesBuildPhase section */

/* Begin PBXFileReference section */
		571E879B2FDB0BDF00D2C2E9 /* WelloWidgetExtension.appex */ = {isa = PBXFileReference; explicitFileType = "wrapper.app-extension"; includeInIndex = 0; path = WelloWidgetExtension.appex; sourceTree = BUILT_PRODUCTS_DIR; };
		571E879D2FDB0BDF00D2C2E9 /* WidgetKit.framework */ = {isa = PBXFileReference; lastKnownFileType = wrapper.framework; name = WidgetKit.framework; path = System/Library/Frameworks/WidgetKit.framework; sourceTree = SDKROOT; };
		571E879F2FDB0BDF00D2C2E9 /* SwiftUI.framework */ = {isa = PBXFileReference; lastKnownFileType = wrapper.framework; name = SwiftUI.framework; path = System/Library/Frameworks/SwiftUI.framework; sourceTree = SDKROOT; };
		573502F52FE58E1F0005C676 /* WelloWatch Watch App.app */ = {isa = PBXFileReference; explicitFileType = wrapper.application; includeInIndex = 0; path = "WelloWatch Watch App.app"; sourceTree = BUILT_PRODUCTS_DIR; };
		573503012FE58E200005C676 /* WelloWatch Watch AppTests.xctest */ = {isa = PBXFileReference; explicitFileType = wrapper.cfbundle; includeInIndex = 0; path = "WelloWatch Watch AppTests.xctest"; sourceTree = BUILT_PRODUCTS_DIR; };
		5735030B2FE58E200005C676 /* WelloWatch Watch AppUITests.xctest */ = {isa = PBXFileReference; explicitFileType = wrapper.cfbundle; includeInIndex = 0; path = "WelloWatch Watch AppUITests.xctest"; sourceTree = BUILT_PRODUCTS_DIR; };
		5739CB8E2FD14EB300F3EF30 /* Wello.storekit */ = {isa = PBXFileReference; lastKnownFileType = text; path = Wello.storekit; sourceTree = "<group>"; };
		57493D922FD067130017F901 /* Wello.app */ = {isa = PBXFileReference; explicitFileType = wrapper.application; includeInIndex = 0; path = Wello.app; sourceTree = BUILT_PRODUCTS_DIR; };
		57493D9F2FD067150017F901 /* WelloTests.xctest */ = {isa = PBXFileReference; explicitFileType = wrapper.cfbundle; includeInIndex = 0; path = WelloTests.xctest; sourceTree = BUILT_PRODUCTS_DIR; };
		57493DA92FD067150017F901 /* WelloUITests.xctest */ = {isa = PBXFileReference; explicitFileType = wrapper.cfbundle; includeInIndex = 0; path = WelloUITests.xctest; sourceTree = BUILT_PRODUCTS_DIR; };
/* End PBXFileReference section */

/* Begin PBXFileSystemSynchronizedBuildFileExceptionSet section */
		571E87B22FDB0BE000D2C2E9 /* Exceptions for "WelloWidget" folder in "WelloWidgetExtension" target */ = {
			isa = PBXFileSystemSynchronizedBuildFileExceptionSet;
			membershipExceptions = (
				Info.plist,
			);
			target = 571E879A2FDB0BDF00D2C2E9 /* WelloWidgetExtension */;
		};
		571E87B82FDB0D4F00D2C2E9 /* Exceptions for "Wello" folder in "WelloWidgetExtension" target */ = {
			isa = PBXFileSystemSynchronizedBuildFileExceptionSet;
			membershipExceptions = (
				App/WelloShared.swift,
				Models/DailyGoal.swift,
				Models/HydrationLog.swift,
				Models/UserProfile.swift,
			);
			target = 571E879A2FDB0BDF00D2C2E9 /* WelloWidgetExtension */;
		};
		57493DE52FD06C950017F901 /* Exceptions for "Wello" folder in "Wello" target */ = {
			isa = PBXFileSystemSynchronizedBuildFileExceptionSet;
			membershipExceptions = (
				Info.plist,
			);
			target = 57493D912FD067130017F901 /* Wello */;
		};
/* End PBXFileSystemSynchronizedBuildFileExceptionSet section */

/* Begin PBXFileSystemSynchronizedRootGroup section */
		571E87A12FDB0BDF00D2C2E9 /* WelloWidget */ = {
			isa = PBXFileSystemSynchronizedRootGroup;
			exceptions = (
				571E87B22FDB0BE000D2C2E9 /* Exceptions for "WelloWidget" folder in "WelloWidgetExtension" target */,
			);
			path = WelloWidget;
			sourceTree = "<group>";
		};
		573502F62FE58E1F0005C676 /* WelloWatch Watch App */ = {
			isa = PBXFileSystemSynchronizedRootGroup;
			path = "WelloWatch Watch App";
			sourceTree = "<group>";
		};
		573503042FE58E200005C676 /* WelloWatch Watch AppTests */ = {
			isa = PBXFileSystemSynchronizedRootGroup;
			path = "WelloWatch Watch AppTests";
			sourceTree = "<group>";
		};
		5735030E2FE58E200005C676 /* WelloWatch Watch AppUITests */ = {
			isa = PBXFileSystemSynchronizedRootGroup;
			path = "WelloWatch Watch AppUITests";
			sourceTree = "<group>";
		};
		57493D942FD067130017F901 /* Wello */ = {
			isa = PBXFileSystemSynchronizedRootGroup;
			exceptions = (
				57493DE52FD06C950017F901 /* Exceptions for "Wello" folder in "Wello" target */,
				571E87B82FDB0D4F00D2C2E9 /* Exceptions for "Wello" folder in "WelloWidgetExtension" target */,
			);
			path = Wello;
			sourceTree = "<group>";
		};
		57493DA22FD067150017F901 /* WelloTests */ = {
			isa = PBXFileSystemSynchronizedRootGroup;
			path = WelloTests;
			sourceTree = "<group>";
		};
		57493DAC2FD067150017F901 /* WelloUITests */ = {
			isa = PBXFileSystemSynchronizedRootGroup;
			path = WelloUITests;
			sourceTree = "<group>";
		};
/* End PBXFileSystemSynchronizedRootGroup section */

/* Begin PBXFrameworksBuildPhase section */
		571E87982FDB0BDF00D2C2E9 /* Frameworks */ = {
			isa = PBXFrameworksBuildPhase;
			buildActionMask = 2147483647;
			files = (
				571E87BD2FDB0E8000D2C2E9 /* WelloKit in Frameworks */,
				571E87A02FDB0BDF00D2C2E9 /* SwiftUI.framework in Frameworks */,
				571E879E2FDB0BDF00D2C2E9 /* WidgetKit.framework in Frameworks */,
			);
			runOnlyForDeploymentPostprocessing = 0;
		};
		573502F22FE58E1F0005C676 /* Frameworks */ = {
			isa = PBXFrameworksBuildPhase;
			buildActionMask = 2147483647;
			files = (
				5735032B2FE58EF90005C676 /* WelloKit in Frameworks */,
			);
			runOnlyForDeploymentPostprocessing = 0;
		};
		573502FE2FE58E200005C676 /* Frameworks */ = {
			isa = PBXFrameworksBuildPhase;
			buildActionMask = 2147483647;
			files = (
			);
			runOnlyForDeploymentPostprocessing = 0;
		};
		573503082FE58E200005C676 /* Frameworks */ = {
			isa = PBXFrameworksBuildPhase;
			buildActionMask = 2147483647;
			files = (
			);
			runOnlyForDeploymentPostprocessing = 0;
		};
		57493D8F2FD067130017F901 /* Frameworks */ = {
			isa = PBXFrameworksBuildPhase;
			buildActionMask = 2147483647;
			files = (
				57493DE22FD06BB00017F901 /* WelloKit in Frameworks */,
			);
			runOnlyForDeploymentPostprocessing = 0;
		};
		57493D9C2FD067150017F901 /* Frameworks */ = {
			isa = PBXFrameworksBuildPhase;
			buildActionMask = 2147483647;
			files = (
			);
			runOnlyForDeploymentPostprocessing = 0;
		};
		57493DA62FD067150017F901 /* Frameworks */ = {
			isa = PBXFrameworksBuildPhase;
			buildActionMask = 2147483647;
			files = (
			);
			runOnlyForDeploymentPostprocessing = 0;
		};
/* End PBXFrameworksBuildPhase section */

/* Begin PBXGroup section */
		571E879C2FDB0BDF00D2C2E9 /* Frameworks */ = {
			isa = PBXGroup;
			children = (
				571E879D2FDB0BDF00D2C2E9 /* WidgetKit.framework */,
				571E879F2FDB0BDF00D2C2E9 /* SwiftUI.framework */,
			);
			name = Frameworks;
			sourceTree = "<group>";
		};
		57493D892FD067130017F901 = {
			isa = PBXGroup;
			children = (
				5739CB8E2FD14EB300F3EF30 /* Wello.storekit */,
				57493D942FD067130017F901 /* Wello */,
				57493DA22FD067150017F901 /* WelloTests */,
				57493DAC2FD067150017F901 /* WelloUITests */,
				571E87A12FDB0BDF00D2C2E9 /* WelloWidget */,
				573502F62FE58E1F0005C676 /* WelloWatch Watch App */,
				573503042FE58E200005C676 /* WelloWatch Watch AppTests */,
				5735030E2FE58E200005C676 /* WelloWatch Watch AppUITests */,
				571E879C2FDB0BDF00D2C2E9 /* Frameworks */,
				57493D932FD067130017F901 /* Products */,
			);
			sourceTree = "<group>";
		};
		57493D932FD067130017F901 /* Products */ = {
			isa = PBXGroup;
			children = (
				57493D922FD067130017F901 /* Wello.app */,
				57493D9F2FD067150017F901 /* WelloTests.xctest */,
				57493DA92FD067150017F901 /* WelloUITests.xctest */,
				571E879B2FDB0BDF00D2C2E9 /* WelloWidgetExtension.appex */,
				573502F52FE58E1F0005C676 /* WelloWatch Watch App.app */,
				573503012FE58E200005C676 /* WelloWatch Watch AppTests.xctest */,
				5735030B2FE58E200005C676 /* WelloWatch Watch AppUITests.xctest */,
			);
			name = Products;
			sourceTree = "<group>";
		};
/* End PBXGroup section */

/* Begin PBXNativeTarget section */
		571E879A2FDB0BDF00D2C2E9 /* WelloWidgetExtension */ = {
			isa = PBXNativeTarget;
			buildConfigurationList = 571E87B12FDB0BE000D2C2E9 /* Build configuration list for PBXNativeTarget "WelloWidgetExtension" */;
			buildPhases = (
				571E87972FDB0BDF00D2C2E9 /* Sources */,
				571E87982FDB0BDF00D2C2E9 /* Frameworks */,
				571E87992FDB0BDF00D2C2E9 /* Resources */,
			);
			buildRules = (
			);
			dependencies = (
			);
			fileSystemSynchronizedGroups = (
				571E87A12FDB0BDF00D2C2E9 /* WelloWidget */,
			);
			name = WelloWidgetExtension;
			packageProductDependencies = (
				571E87BC2FDB0E8000D2C2E9 /* WelloKit */,
			);
			productName = WelloWidgetExtension;
			productReference = 571E879B2FDB0BDF00D2C2E9 /* WelloWidgetExtension.appex */;
			productType = "com.apple.product-type.app-extension";
		};
		573502F42FE58E1F0005C676 /* WelloWatch Watch App */ = {
			isa = PBXNativeTarget;
			buildConfigurationList = 573503162FE58E200005C676 /* Build configuration list for PBXNativeTarget "WelloWatch Watch App" */;
			buildPhases = (
				573502F12FE58E1F0005C676 /* Sources */,
				573502F22FE58E1F0005C676 /* Frameworks */,
				573502F32FE58E1F0005C676 /* Resources */,
			);
			buildRules = (
			);
			dependencies = (
			);
			fileSystemSynchronizedGroups = (
				573502F62FE58E1F0005C676 /* WelloWatch Watch App */,
			);
			name = "WelloWatch Watch App";
			packageProductDependencies = (
				5735032A2FE58EF90005C676 /* WelloKit */,
			);
			productName = "WelloWatch Watch App";
			productReference = 573502F52FE58E1F0005C676 /* WelloWatch Watch App.app */;
			productType = "com.apple.product-type.application";
		};
		573503002FE58E200005C676 /* WelloWatch Watch AppTests */ = {
			isa = PBXNativeTarget;
			buildConfigurationList = 5735031A2FE58E200005C676 /* Build configuration list for PBXNativeTarget "WelloWatch Watch AppTests" */;
			buildPhases = (
				573502FD2FE58E200005C676 /* Sources */,
				573502FE2FE58E200005C676 /* Frameworks */,
				573502FF2FE58E200005C676 /* Resources */,
			);
			buildRules = (
			);
			dependencies = (
				573503032FE58E200005C676 /* PBXTargetDependency */,
			);
			fileSystemSynchronizedGroups = (
				573503042FE58E200005C676 /* WelloWatch Watch AppTests */,
			);
			name = "WelloWatch Watch AppTests";
			packageProductDependencies = (
			);
			productName = "WelloWatch Watch AppTests";
			productReference = 573503012FE58E200005C676 /* WelloWatch Watch AppTests.xctest */;
			productType = "com.apple.product-type.bundle.unit-test";
		};
		5735030A2FE58E200005C676 /* WelloWatch Watch AppUITests */ = {
			isa = PBXNativeTarget;
			buildConfigurationList = 5735031D2FE58E200005C676 /* Build configuration list for PBXNativeTarget "WelloWatch Watch AppUITests" */;
			buildPhases = (
				573503072FE58E200005C676 /* Sources */,
				573503082FE58E200005C676 /* Frameworks */,
				573503092FE58E200005C676 /* Resources */,
			);
			buildRules = (
			);
			dependencies = (
				5735030D2FE58E200005C676 /* PBXTargetDependency */,
			);
			fileSystemSynchronizedGroups = (
				5735030E2FE58E200005C676 /* WelloWatch Watch AppUITests */,
			);
			name = "WelloWatch Watch AppUITests";
			packageProductDependencies = (
			);
			productName = "WelloWatch Watch AppUITests";
			productReference = 5735030B2FE58E200005C676 /* WelloWatch Watch AppUITests.xctest */;
			productType = "com.apple.product-type.bundle.ui-testing";
		};
		57493D912FD067130017F901 /* Wello */ = {
			isa = PBXNativeTarget;
			buildConfigurationList = 57493DB32FD067150017F901 /* Build configuration list for PBXNativeTarget "Wello" */;
			buildPhases = (
				57493D8E2FD067130017F901 /* Sources */,
				57493D8F2FD067130017F901 /* Frameworks */,
				57493D902FD067130017F901 /* Resources */,
				571E87AE2FDB0BE000D2C2E9 /* Embed Foundation Extensions */,
				573503192FE58E200005C676 /* Embed Watch Content */,
			);
			buildRules = (
			);
			dependencies = (
				571E87AC2FDB0BE000D2C2E9 /* PBXTargetDependency */,
				573503142FE58E200005C676 /* PBXTargetDependency */,
			);
			fileSystemSynchronizedGroups = (
				57493D942FD067130017F901 /* Wello */,
			);
			name = Wello;
			packageProductDependencies = (
				57493DE12FD06BB00017F901 /* WelloKit */,
			);
			productName = Wello;
			productReference = 57493D922FD067130017F901 /* Wello.app */;
			productType = "com.apple.product-type.application";
		};
		57493D9E2FD067150017F901 /* WelloTests */ = {
			isa = PBXNativeTarget;
			buildConfigurationList = 57493DB62FD067150017F901 /* Build configuration list for PBXNativeTarget "WelloTests" */;
			buildPhases = (
				57493D9B2FD067150017F901 /* Sources */,
				57493D9C2FD067150017F901 /* Frameworks */,
				57493D9D2FD067150017F901 /* Resources */,
			);
			buildRules = (
			);
			dependencies = (
				57493DA12FD067150017F901 /* PBXTargetDependency */,
			);
			fileSystemSynchronizedGroups = (
				57493DA22FD067150017F901 /* WelloTests */,
			);
			name = WelloTests;
			packageProductDependencies = (
			);
			productName = WelloTests;
			productReference = 57493D9F2FD067150017F901 /* WelloTests.xctest */;
			productType = "com.apple.product-type.bundle.unit-test";
		};
		57493DA82FD067150017F901 /* WelloUITests */ = {
			isa = PBXNativeTarget;
			buildConfigurationList = 57493DB92FD067150017F901 /* Build configuration list for PBXNativeTarget "WelloUITests" */;
			buildPhases = (
				57493DA52FD067150017F901 /* Sources */,
				57493DA62FD067150017F901 /* Frameworks */,
				57493DA72FD067150017F901 /* Resources */,
			);
			buildRules = (
			);
			dependencies = (
				57493DAB2FD067150017F901 /* PBXTargetDependency */,
			);
			fileSystemSynchronizedGroups = (
				57493DAC2FD067150017F901 /* WelloUITests */,
			);
			name = WelloUITests;
			packageProductDependencies = (
			);
			productName = WelloUITests;
			productReference = 57493DA92FD067150017F901 /* WelloUITests.xctest */;
			productType = "com.apple.product-type.bundle.ui-testing";
		};
/* End PBXNativeTarget section */

/* Begin PBXProject section */
		57493D8A2FD067130017F901 /* Project object */ = {
			isa = PBXProject;
			attributes = {
				BuildIndependentTargetsInParallel = 1;
				LastSwiftUpdateCheck = 2650;
				LastUpgradeCheck = 2650;
				TargetAttributes = {
					571E879A2FDB0BDF00D2C2E9 = {
						CreatedOnToolsVersion = 26.5;
					};
					573502F42FE58E1F0005C676 = {
						CreatedOnToolsVersion = 26.5;
						LastSwiftMigration = 2650;
					};
					573503002FE58E200005C676 = {
						CreatedOnToolsVersion = 26.5;
						TestTargetID = 573502F42FE58E1F0005C676;
					};
					5735030A2FE58E200005C676 = {
						CreatedOnToolsVersion = 26.5;
						TestTargetID = 573502F42FE58E1F0005C676;
					};
					57493D912FD067130017F901 = {
						CreatedOnToolsVersion = 26.5;
					};
					57493D9E2FD067150017F901 = {
						CreatedOnToolsVersion = 26.5;
						TestTargetID = 57493D912FD067130017F901;
					};
					57493DA82FD067150017F901 = {
						CreatedOnToolsVersion = 26.5;
						TestTargetID = 57493D912FD067130017F901;
					};
				};
			};
			buildConfigurationList = 57493D8D2FD067130017F901 /* Build configuration list for PBXProject "Wello" */;
			developmentRegion = en;
			hasScannedForEncodings = 0;
			knownRegions = (
				en,
				Base,
			);
			mainGroup = 57493D892FD067130017F901;
			minimizedProjectReferenceProxies = 1;
			packageReferences = (
				57493DE02FD06BB00017F901 /* XCLocalSwiftPackageReference "../WelloKit" */,
			);
			preferredProjectObjectVersion = 77;
			productRefGroup = 57493D932FD067130017F901 /* Products */;
			projectDirPath = "";
			projectRoot = "";
			targets = (
				57493D912FD067130017F901 /* Wello */,
				57493D9E2FD067150017F901 /* WelloTests */,
				57493DA82FD067150017F901 /* WelloUITests */,
				571E879A2FDB0BDF00D2C2E9 /* WelloWidgetExtension */,
				573502F42FE58E1F0005C676 /* WelloWatch Watch App */,
				573503002FE58E200005C676 /* WelloWatch Watch AppTests */,
				5735030A2FE58E200005C676 /* WelloWatch Watch AppUITests */,
			);
		};
/* End PBXProject section */

/* Begin PBXResourcesBuildPhase section */
		571E87992FDB0BDF00D2C2E9 /* Resources */ = {
			isa = PBXResourcesBuildPhase;
			buildActionMask = 2147483647;
			files = (
			);
			runOnlyForDeploymentPostprocessing = 0;
		};
		573502F32FE58E1F0005C676 /* Resources */ = {
			isa = PBXResourcesBuildPhase;
			buildActionMask = 2147483647;
			files = (
			);
			runOnlyForDeploymentPostprocessing = 0;
		};
		573502FF2FE58E200005C676 /* Resources */ = {
			isa = PBXResourcesBuildPhase;
			buildActionMask = 2147483647;
			files = (
			);
			runOnlyForDeploymentPostprocessing = 0;
		};
		573503092FE58E200005C676 /* Resources */ = {
			isa = PBXResourcesBuildPhase;
			buildActionMask = 2147483647;
			files = (
			);
			runOnlyForDeploymentPostprocessing = 0;
		};
		57493D902FD067130017F901 /* Resources */ = {
			isa = PBXResourcesBuildPhase;
			buildActionMask = 2147483647;
			files = (
				5739CB8F2FD14EB300F3EF30 /* Wello.storekit in Resources */,
			);
			runOnlyForDeploymentPostprocessing = 0;
		};
		57493D9D2FD067150017F901 /* Resources */ = {
			isa = PBXResourcesBuildPhase;
			buildActionMask = 2147483647;
			files = (
			);
			runOnlyForDeploymentPostprocessing = 0;
		};
		57493DA72FD067150017F901 /* Resources */ = {
			isa = PBXResourcesBuildPhase;
			buildActionMask = 2147483647;
			files = (
			);
			runOnlyForDeploymentPostprocessing = 0;
		};
/* End PBXResourcesBuildPhase section */

/* Begin PBXSourcesBuildPhase section */
		571E87972FDB0BDF00D2C2E9 /* Sources */ = {
			isa = PBXSourcesBuildPhase;
			buildActionMask = 2147483647;
			files = (
			);
			runOnlyForDeploymentPostprocessing = 0;
		};
		573502F12FE58E1F0005C676 /* Sources */ = {
			isa = PBXSourcesBuildPhase;
			buildActionMask = 2147483647;
			files = (
			);
			runOnlyForDeploymentPostprocessing = 0;
		};
		573502FD2FE58E200005C676 /* Sources */ = {
			isa = PBXSourcesBuildPhase;
			buildActionMask = 2147483647;
			files = (
			);
			runOnlyForDeploymentPostprocessing = 0;
		};
		573503072FE58E200005C676 /* Sources */ = {
			isa = PBXSourcesBuildPhase;
			buildActionMask = 2147483647;
			files = (
			);
			runOnlyForDeploymentPostprocessing = 0;
		};
		57493D8E2FD067130017F901 /* Sources */ = {
			isa = PBXSourcesBuildPhase;
			buildActionMask = 2147483647;
			files = (
			);
			runOnlyForDeploymentPostprocessing = 0;
		};
		57493D9B2FD067150017F901 /* Sources */ = {
			isa = PBXSourcesBuildPhase;
			buildActionMask = 2147483647;
			files = (
			);
			runOnlyForDeploymentPostprocessing = 0;
		};
		57493DA52FD067150017F901 /* Sources */ = {
			isa = PBXSourcesBuildPhase;
			buildActionMask = 2147483647;
			files = (
			);
			runOnlyForDeploymentPostprocessing = 0;
		};
/* End PBXSourcesBuildPhase section */

/* Begin PBXTargetDependency section */
		571E87AC2FDB0BE000D2C2E9 /* PBXTargetDependency */ = {
			isa = PBXTargetDependency;
			target = 571E879A2FDB0BDF00D2C2E9 /* WelloWidgetExtension */;
			targetProxy = 571E87AB2FDB0BE000D2C2E9 /* PBXContainerItemProxy */;
		};
		573503032FE58E200005C676 /* PBXTargetDependency */ = {
			isa = PBXTargetDependency;
			target = 573502F42FE58E1F0005C676 /* WelloWatch Watch App */;
			targetProxy = 573503022FE58E200005C676 /* PBXContainerItemProxy */;
		};
		5735030D2FE58E200005C676 /* PBXTargetDependency */ = {
			isa = PBXTargetDependency;
			target = 573502F42FE58E1F0005C676 /* WelloWatch Watch App */;
			targetProxy = 5735030C2FE58E200005C676 /* PBXContainerItemProxy */;
		};
		573503142FE58E200005C676 /* PBXTargetDependency */ = {
			isa = PBXTargetDependency;
			target = 573502F42FE58E1F0005C676 /* WelloWatch Watch App */;
			targetProxy = 573503132FE58E200005C676 /* PBXContainerItemProxy */;
		};
		57493DA12FD067150017F901 /* PBXTargetDependency */ = {
			isa = PBXTargetDependency;
			target = 57493D912FD067130017F901 /* Wello */;
			targetProxy = 57493DA02FD067150017F901 /* PBXContainerItemProxy */;
		};
		57493DAB2FD067150017F901 /* PBXTargetDependency */ = {
			isa = PBXTargetDependency;
			target = 57493D912FD067130017F901 /* Wello */;
			targetProxy = 57493DAA2FD067150017F901 /* PBXContainerItemProxy */;
		};
/* End PBXTargetDependency section */

/* Begin XCBuildConfiguration section */
		571E87AF2FDB0BE000D2C2E9 /* Debug */ = {
			isa = XCBuildConfiguration;
			buildSettings = {
				ASSETCATALOG_COMPILER_GLOBAL_ACCENT_COLOR_NAME = AccentColor;
				ASSETCATALOG_COMPILER_WIDGET_BACKGROUND_COLOR_NAME = WidgetBackground;
				CODE_SIGN_ENTITLEMENTS = WelloWidget/WelloWidget.entitlements;
				CODE_SIGN_STYLE = Automatic;
				CURRENT_PROJECT_VERSION = 1;
				DEVELOPMENT_TEAM = 3DN5WMRWS5;
				GENERATE_INFOPLIST_FILE = YES;
				INFOPLIST_FILE = WelloWidget/Info.plist;
				INFOPLIST_KEY_CFBundleDisplayName = WelloWidget;
				INFOPLIST_KEY_NSHumanReadableCopyright = "";
				LD_RUNPATH_SEARCH_PATHS = (
					"$(inherited)",
					"@executable_path/Frameworks",
					"@executable_path/../../Frameworks",
				);
				MARKETING_VERSION = 1.0;
				PRODUCT_BUNDLE_IDENTIFIER = Life.Wello.WelloWidget;
				PRODUCT_NAME = "$(TARGET_NAME)";
				SKIP_INSTALL = YES;
				STRING_CATALOG_GENERATE_SYMBOLS = YES;
				SWIFT_APPROACHABLE_CONCURRENCY = YES;
				SWIFT_EMIT_LOC_STRINGS = YES;
				SWIFT_UPCOMING_FEATURE_MEMBER_IMPORT_VISIBILITY = YES;
				SWIFT_VERSION = 5.0;
				TARGETED_DEVICE_FAMILY = "1,2";
			};
			name = Debug;
		};
		571E87B02FDB0BE000D2C2E9 /* Release */ = {
			isa = XCBuildConfiguration;
			buildSettings = {
				ASSETCATALOG_COMPILER_GLOBAL_ACCENT_COLOR_NAME = AccentColor;
				ASSETCATALOG_COMPILER_WIDGET_BACKGROUND_COLOR_NAME = WidgetBackground;
				CODE_SIGN_ENTITLEMENTS = WelloWidget/WelloWidget.entitlements;
				CODE_SIGN_STYLE = Automatic;
				CURRENT_PROJECT_VERSION = 1;
				DEVELOPMENT_TEAM = 3DN5WMRWS5;
				GENERATE_INFOPLIST_FILE = YES;
				INFOPLIST_FILE = WelloWidget/Info.plist;
				INFOPLIST_KEY_CFBundleDisplayName = WelloWidget;
				INFOPLIST_KEY_NSHumanReadableCopyright = "";
				LD_RUNPATH_SEARCH_PATHS = (
					"$(inherited)",
					"@executable_path/Frameworks",
					"@executable_path/../../Frameworks",
				);
				MARKETING_VERSION = 1.0;
				PRODUCT_BUNDLE_IDENTIFIER = Life.Wello.WelloWidget;
				PRODUCT_NAME = "$(TARGET_NAME)";
				SKIP_INSTALL = YES;
				STRING_CATALOG_GENERATE_SYMBOLS = YES;
				SWIFT_APPROACHABLE_CONCURRENCY = YES;
				SWIFT_EMIT_LOC_STRINGS = YES;
				SWIFT_UPCOMING_FEATURE_MEMBER_IMPORT_VISIBILITY = YES;
				SWIFT_VERSION = 5.0;
				TARGETED_DEVICE_FAMILY = "1,2";
			};
			name = Release;
		};
		573503172FE58E200005C676 /* Debug */ = {
			isa = XCBuildConfiguration;
			buildSettings = {
				ASSETCATALOG_COMPILER_APPICON_NAME = AppIcon;
				ASSETCATALOG_COMPILER_GLOBAL_ACCENT_COLOR_NAME = AccentColor;
				CLANG_ENABLE_MODULES = YES;
				CODE_SIGN_ENTITLEMENTS = "WelloWatch Watch App/WelloWatch Watch App.entitlements";
				CODE_SIGN_STYLE = Automatic;
				CURRENT_PROJECT_VERSION = 1;
				DEVELOPMENT_TEAM = 3DN5WMRWS5;
				ENABLE_PREVIEWS = YES;
				GENERATE_INFOPLIST_FILE = YES;
				INFOPLIST_KEY_CFBundleDisplayName = WelloWatch;
				INFOPLIST_KEY_NSHealthShareUsageDescription = "Wello lit ton énergie active pour ajuster ton objectif d'hydratation au poignet.";
				INFOPLIST_KEY_UISupportedInterfaceOrientations = "UIInterfaceOrientationPortrait UIInterfaceOrientationPortraitUpsideDown";
				INFOPLIST_KEY_WKCompanionAppBundleIdentifier = Life.Wello;
				LD_RUNPATH_SEARCH_PATHS = (
					"$(inherited)",
					"@executable_path/Frameworks",
				);
				MARKETING_VERSION = 1.0;
				PRODUCT_BUNDLE_IDENTIFIER = Life.Wello.watchkitapp;
				PRODUCT_NAME = "$(TARGET_NAME)";
				SDKROOT = watchos;
				SKIP_INSTALL = YES;
				STRING_CATALOG_GENERATE_SYMBOLS = YES;
				SWIFT_APPROACHABLE_CONCURRENCY = YES;
				SWIFT_DEFAULT_ACTOR_ISOLATION = MainActor;
				SWIFT_EMIT_LOC_STRINGS = YES;
				SWIFT_OPTIMIZATION_LEVEL = "-Onone";
				SWIFT_UPCOMING_FEATURE_MEMBER_IMPORT_VISIBILITY = YES;
				SWIFT_VERSION = 5.0;
				TARGETED_DEVICE_FAMILY = 4;
				WATCHOS_DEPLOYMENT_TARGET = 26.5;
			};
			name = Debug;
		};
		573503182FE58E200005C676 /* Release */ = {
			isa = XCBuildConfiguration;
			buildSettings = {
				ASSETCATALOG_COMPILER_APPICON_NAME = AppIcon;
				ASSETCATALOG_COMPILER_GLOBAL_ACCENT_COLOR_NAME = AccentColor;
				CLANG_ENABLE_MODULES = YES;
				CODE_SIGN_ENTITLEMENTS = "WelloWatch Watch App/WelloWatch Watch App.entitlements";
				CODE_SIGN_STYLE = Automatic;
				CURRENT_PROJECT_VERSION = 1;
				DEVELOPMENT_TEAM = 3DN5WMRWS5;
				ENABLE_PREVIEWS = YES;
				GENERATE_INFOPLIST_FILE = YES;
				INFOPLIST_KEY_CFBundleDisplayName = WelloWatch;
				INFOPLIST_KEY_NSHealthShareUsageDescription = "Wello lit ton énergie active pour ajuster ton objectif d'hydratation au poignet.";
				INFOPLIST_KEY_UISupportedInterfaceOrientations = "UIInterfaceOrientationPortrait UIInterfaceOrientationPortraitUpsideDown";
				INFOPLIST_KEY_WKCompanionAppBundleIdentifier = Life.Wello;
				LD_RUNPATH_SEARCH_PATHS = (
					"$(inherited)",
					"@executable_path/Frameworks",
				);
				MARKETING_VERSION = 1.0;
				PRODUCT_BUNDLE_IDENTIFIER = Life.Wello.watchkitapp;
				PRODUCT_NAME = "$(TARGET_NAME)";
				SDKROOT = watchos;
				SKIP_INSTALL = YES;
				STRING_CATALOG_GENERATE_SYMBOLS = YES;
				SWIFT_APPROACHABLE_CONCURRENCY = YES;
				SWIFT_DEFAULT_ACTOR_ISOLATION = MainActor;
				SWIFT_EMIT_LOC_STRINGS = YES;
				SWIFT_UPCOMING_FEATURE_MEMBER_IMPORT_VISIBILITY = YES;
				SWIFT_VERSION = 5.0;
				TARGETED_DEVICE_FAMILY = 4;
				WATCHOS_DEPLOYMENT_TARGET = 26.5;
			};
			name = Release;
		};
		5735031B2FE58E200005C676 /* Debug */ = {
			isa = XCBuildConfiguration;
			buildSettings = {
				BUNDLE_LOADER = "$(TEST_HOST)";
				CODE_SIGN_STYLE = Automatic;
				CURRENT_PROJECT_VERSION = 1;
				DEVELOPMENT_TEAM = 3DN5WMRWS5;
				GENERATE_INFOPLIST_FILE = YES;
				MARKETING_VERSION = 1.0;
				PRODUCT_BUNDLE_IDENTIFIER = "Life.WelloWatch-Watch-AppTests";
				PRODUCT_NAME = "$(TARGET_NAME)";
				SDKROOT = watchos;
				STRING_CATALOG_GENERATE_SYMBOLS = NO;
				SWIFT_APPROACHABLE_CONCURRENCY = YES;
				SWIFT_EMIT_LOC_STRINGS = NO;
				SWIFT_UPCOMING_FEATURE_MEMBER_IMPORT_VISIBILITY = YES;
				SWIFT_VERSION = 5.0;
				TARGETED_DEVICE_FAMILY = 4;
				TEST_HOST = "$(BUILT_PRODUCTS_DIR)/WelloWatch Watch App.app/$(BUNDLE_EXECUTABLE_FOLDER_PATH)/WelloWatch Watch App";
				WATCHOS_DEPLOYMENT_TARGET = 26.5;
			};
			name = Debug;
		};
		5735031C2FE58E200005C676 /* Release */ = {
			isa = XCBuildConfiguration;
			buildSettings = {
				BUNDLE_LOADER = "$(TEST_HOST)";
				CODE_SIGN_STYLE = Automatic;
				CURRENT_PROJECT_VERSION = 1;
				DEVELOPMENT_TEAM = 3DN5WMRWS5;
				GENERATE_INFOPLIST_FILE = YES;
				MARKETING_VERSION = 1.0;
				PRODUCT_BUNDLE_IDENTIFIER = "Life.WelloWatch-Watch-AppTests";
				PRODUCT_NAME = "$(TARGET_NAME)";
				SDKROOT = watchos;
				STRING_CATALOG_GENERATE_SYMBOLS = NO;
				SWIFT_APPROACHABLE_CONCURRENCY = YES;
				SWIFT_EMIT_LOC_STRINGS = NO;
				SWIFT_UPCOMING_FEATURE_MEMBER_IMPORT_VISIBILITY = YES;
				SWIFT_VERSION = 5.0;
				TARGETED_DEVICE_FAMILY = 4;
				TEST_HOST = "$(BUILT_PRODUCTS_DIR)/WelloWatch Watch App.app/$(BUNDLE_EXECUTABLE_FOLDER_PATH)/WelloWatch Watch App";
				WATCHOS_DEPLOYMENT_TARGET = 26.5;
			};
			name = Release;
		};
		5735031E2FE58E200005C676 /* Debug */ = {
			isa = XCBuildConfiguration;
			buildSettings = {
				CODE_SIGN_STYLE = Automatic;
				CURRENT_PROJECT_VERSION = 1;
				DEVELOPMENT_TEAM = 3DN5WMRWS5;
				GENERATE_INFOPLIST_FILE = YES;
				MARKETING_VERSION = 1.0;
				PRODUCT_BUNDLE_IDENTIFIER = "Life.WelloWatch-Watch-AppUITests";
				PRODUCT_NAME = "$(TARGET_NAME)";
				SDKROOT = watchos;
				STRING_CATALOG_GENERATE_SYMBOLS = NO;
				SWIFT_APPROACHABLE_CONCURRENCY = YES;
				SWIFT_EMIT_LOC_STRINGS = NO;
				SWIFT_UPCOMING_FEATURE_MEMBER_IMPORT_VISIBILITY = YES;
				SWIFT_VERSION = 5.0;
				TARGETED_DEVICE_FAMILY = 4;
				TEST_TARGET_NAME = "WelloWatch Watch App";
				WATCHOS_DEPLOYMENT_TARGET = 26.5;
			};
			name = Debug;
		};
		5735031F2FE58E200005C676 /* Release */ = {
			isa = XCBuildConfiguration;
			buildSettings = {
				CODE_SIGN_STYLE = Automatic;
				CURRENT_PROJECT_VERSION = 1;
				DEVELOPMENT_TEAM = 3DN5WMRWS5;
				GENERATE_INFOPLIST_FILE = YES;
				MARKETING_VERSION = 1.0;
				PRODUCT_BUNDLE_IDENTIFIER = "Life.WelloWatch-Watch-AppUITests";
				PRODUCT_NAME = "$(TARGET_NAME)";
				SDKROOT = watchos;
				STRING_CATALOG_GENERATE_SYMBOLS = NO;
				SWIFT_APPROACHABLE_CONCURRENCY = YES;
				SWIFT_EMIT_LOC_STRINGS = NO;
				SWIFT_UPCOMING_FEATURE_MEMBER_IMPORT_VISIBILITY = YES;
				SWIFT_VERSION = 5.0;
				TARGETED_DEVICE_FAMILY = 4;
				TEST_TARGET_NAME = "WelloWatch Watch App";
				WATCHOS_DEPLOYMENT_TARGET = 26.5;
			};
			name = Release;
		};
		57493DB12FD067150017F901 /* Debug */ = {
			isa = XCBuildConfiguration;
			buildSettings = {
				ALWAYS_SEARCH_USER_PATHS = NO;
				ASSETCATALOG_COMPILER_GENERATE_SWIFT_ASSET_SYMBOL_EXTENSIONS = YES;
				CLANG_ANALYZER_NONNULL = YES;
				CLANG_ANALYZER_NUMBER_OBJECT_CONVERSION = YES_AGGRESSIVE;
				CLANG_CXX_LANGUAGE_STANDARD = "gnu++20";
				CLANG_ENABLE_MODULES = YES;
				CLANG_ENABLE_OBJC_ARC = YES;
				CLANG_ENABLE_OBJC_WEAK = YES;
				CLANG_WARN_BLOCK_CAPTURE_AUTORELEASING = YES;
				CLANG_WARN_BOOL_CONVERSION = YES;
				CLANG_WARN_COMMA = YES;
				CLANG_WARN_CONSTANT_CONVERSION = YES;
				CLANG_WARN_DEPRECATED_OBJC_IMPLEMENTATIONS = YES;
				CLANG_WARN_DIRECT_OBJC_ISA_USAGE = YES_ERROR;
				CLANG_WARN_DOCUMENTATION_COMMENTS = YES;
				CLANG_WARN_EMPTY_BODY = YES;
				CLANG_WARN_ENUM_CONVERSION = YES;
				CLANG_WARN_INFINITE_RECURSION = YES;
				CLANG_WARN_INT_CONVERSION = YES;
				CLANG_WARN_NON_LITERAL_NULL_CONVERSION = YES;
				CLANG_WARN_OBJC_IMPLICIT_RETAIN_SELF = YES;
				CLANG_WARN_OBJC_LITERAL_CONVERSION = YES;
				CLANG_WARN_OBJC_ROOT_CLASS = YES_ERROR;
				CLANG_WARN_QUOTED_INCLUDE_IN_FRAMEWORK_HEADER = YES;
				CLANG_WARN_RANGE_LOOP_ANALYSIS = YES;
				CLANG_WARN_STRICT_PROTOTYPES = YES;
				CLANG_WARN_SUSPICIOUS_MOVE = YES;
				CLANG_WARN_UNGUARDED_AVAILABILITY = YES_AGGRESSIVE;
				CLANG_WARN_UNREACHABLE_CODE = YES;
				CLANG_WARN__DUPLICATE_METHOD_MATCH = YES;
				COPY_PHASE_STRIP = NO;
				DEBUG_INFORMATION_FORMAT = dwarf;
				DEVELOPMENT_TEAM = 3DN5WMRWS5;
				ENABLE_STRICT_OBJC_MSGSEND = YES;
				ENABLE_TESTABILITY = YES;
				ENABLE_USER_SCRIPT_SANDBOXING = YES;
				GCC_C_LANGUAGE_STANDARD = gnu17;
				GCC_DYNAMIC_NO_PIC = NO;
				GCC_NO_COMMON_BLOCKS = YES;
				GCC_OPTIMIZATION_LEVEL = 0;
				GCC_PREPROCESSOR_DEFINITIONS = (
					"DEBUG=1",
					"$(inherited)",
				);
				GCC_WARN_64_TO_32_BIT_CONVERSION = YES;
				GCC_WARN_ABOUT_RETURN_TYPE = YES_ERROR;
				GCC_WARN_UNDECLARED_SELECTOR = YES;
				GCC_WARN_UNINITIALIZED_AUTOS = YES_AGGRESSIVE;
				GCC_WARN_UNUSED_FUNCTION = YES;
				GCC_WARN_UNUSED_VARIABLE = YES;
				IPHONEOS_DEPLOYMENT_TARGET = 26.5;
				LOCALIZATION_PREFERS_STRING_CATALOGS = YES;
				MTL_ENABLE_DEBUG_INFO = INCLUDE_SOURCE;
				MTL_FAST_MATH = YES;
				ONLY_ACTIVE_ARCH = YES;
				SDKROOT = iphoneos;
				SWIFT_ACTIVE_COMPILATION_CONDITIONS = "DEBUG $(inherited)";
				SWIFT_OPTIMIZATION_LEVEL = "-Onone";
			};
			name = Debug;
		};
		57493DB22FD067150017F901 /* Release */ = {
			isa = XCBuildConfiguration;
			buildSettings = {
				ALWAYS_SEARCH_USER_PATHS = NO;
				ASSETCATALOG_COMPILER_GENERATE_SWIFT_ASSET_SYMBOL_EXTENSIONS = YES;
				CLANG_ANALYZER_NONNULL = YES;
				CLANG_ANALYZER_NUMBER_OBJECT_CONVERSION = YES_AGGRESSIVE;
				CLANG_CXX_LANGUAGE_STANDARD = "gnu++20";
				CLANG_ENABLE_MODULES = YES;
				CLANG_ENABLE_OBJC_ARC = YES;
				CLANG_ENABLE_OBJC_WEAK = YES;
				CLANG_WARN_BLOCK_CAPTURE_AUTORELEASING = YES;
				CLANG_WARN_BOOL_CONVERSION = YES;
				CLANG_WARN_COMMA = YES;
				CLANG_WARN_CONSTANT_CONVERSION = YES;
				CLANG_WARN_DEPRECATED_OBJC_IMPLEMENTATIONS = YES;
				CLANG_WARN_DIRECT_OBJC_ISA_USAGE = YES_ERROR;
				CLANG_WARN_DOCUMENTATION_COMMENTS = YES;
				CLANG_WARN_EMPTY_BODY = YES;
				CLANG_WARN_ENUM_CONVERSION = YES;
				CLANG_WARN_INFINITE_RECURSION = YES;
				CLANG_WARN_INT_CONVERSION = YES;
				CLANG_WARN_NON_LITERAL_NULL_CONVERSION = YES;
				CLANG_WARN_OBJC_IMPLICIT_RETAIN_SELF = YES;
				CLANG_WARN_OBJC_LITERAL_CONVERSION = YES;
				CLANG_WARN_OBJC_ROOT_CLASS = YES_ERROR;
				CLANG_WARN_QUOTED_INCLUDE_IN_FRAMEWORK_HEADER = YES;
				CLANG_WARN_RANGE_LOOP_ANALYSIS = YES;
				CLANG_WARN_STRICT_PROTOTYPES = YES;
				CLANG_WARN_SUSPICIOUS_MOVE = YES;
				CLANG_WARN_UNGUARDED_AVAILABILITY = YES_AGGRESSIVE;
				CLANG_WARN_UNREACHABLE_CODE = YES;
				CLANG_WARN__DUPLICATE_METHOD_MATCH = YES;
				COPY_PHASE_STRIP = NO;
				DEBUG_INFORMATION_FORMAT = "dwarf-with-dsym";
				DEVELOPMENT_TEAM = 3DN5WMRWS5;
				ENABLE_NS_ASSERTIONS = NO;
				ENABLE_STRICT_OBJC_MSGSEND = YES;
				ENABLE_USER_SCRIPT_SANDBOXING = YES;
				GCC_C_LANGUAGE_STANDARD = gnu17;
				GCC_NO_COMMON_BLOCKS = YES;
				GCC_WARN_64_TO_32_BIT_CONVERSION = YES;
				GCC_WARN_ABOUT_RETURN_TYPE = YES_ERROR;
				GCC_WARN_UNDECLARED_SELECTOR = YES;
				GCC_WARN_UNINITIALIZED_AUTOS = YES_AGGRESSIVE;
				GCC_WARN_UNUSED_FUNCTION = YES;
				GCC_WARN_UNUSED_VARIABLE = YES;
				IPHONEOS_DEPLOYMENT_TARGET = 26.5;
				LOCALIZATION_PREFERS_STRING_CATALOGS = YES;
				MTL_ENABLE_DEBUG_INFO = NO;
				MTL_FAST_MATH = YES;
				SDKROOT = iphoneos;
				SWIFT_COMPILATION_MODE = wholemodule;
				VALIDATE_PRODUCT = YES;
			};
			name = Release;
		};
		57493DB42FD067150017F901 /* Debug */ = {
			isa = XCBuildConfiguration;
			buildSettings = {
				ASSETCATALOG_COMPILER_APPICON_NAME = AppIcon;
				ASSETCATALOG_COMPILER_GLOBAL_ACCENT_COLOR_NAME = AccentColor;
				CODE_SIGN_ENTITLEMENTS = Wello/Wello.entitlements;
				CODE_SIGN_STYLE = Automatic;
				CURRENT_PROJECT_VERSION = 1;
				DEVELOPMENT_TEAM = 3DN5WMRWS5;
				ENABLE_PREVIEWS = YES;
				GENERATE_INFOPLIST_FILE = YES;
				INFOPLIST_KEY_NSHealthShareUsageDescription = "Wello lit tes séances et ton poids pour personnaliser ton objectif d'hydratation.";
				INFOPLIST_KEY_NSHealthUpdateUsageDescription = "Wello enregistre tes prises d'eau dans l'app Santé.";
				INFOPLIST_KEY_NSLocationWhenInUseUsageDescription = "Wello utilise ta position pour estimer la météo locale et ajuster l'objectif. ";
				INFOPLIST_KEY_UIApplicationSceneManifest_Generation = YES;
				INFOPLIST_KEY_UIApplicationSupportsIndirectInputEvents = YES;
				INFOPLIST_KEY_UILaunchScreen_Generation = YES;
				INFOPLIST_KEY_UISupportedInterfaceOrientations_iPad = "UIInterfaceOrientationPortrait UIInterfaceOrientationPortraitUpsideDown UIInterfaceOrientationLandscapeLeft UIInterfaceOrientationLandscapeRight";
				INFOPLIST_KEY_UISupportedInterfaceOrientations_iPhone = "UIInterfaceOrientationPortrait UIInterfaceOrientationLandscapeLeft UIInterfaceOrientationLandscapeRight";
				LD_RUNPATH_SEARCH_PATHS = (
					"$(inherited)",
					"@executable_path/Frameworks",
				);
				MARKETING_VERSION = 1.0;
				PRODUCT_BUNDLE_IDENTIFIER = Life.Wello;
				PRODUCT_NAME = "$(TARGET_NAME)";
				STRING_CATALOG_GENERATE_SYMBOLS = YES;
				SWIFT_APPROACHABLE_CONCURRENCY = YES;
				SWIFT_DEFAULT_ACTOR_ISOLATION = MainActor;
				SWIFT_EMIT_LOC_STRINGS = YES;
				SWIFT_UPCOMING_FEATURE_MEMBER_IMPORT_VISIBILITY = YES;
				SWIFT_VERSION = 5.0;
				TARGETED_DEVICE_FAMILY = "1,2";
			};
			name = Debug;
		};
		57493DB52FD067150017F901 /* Release */ = {
			isa = XCBuildConfiguration;
			buildSettings = {
				ASSETCATALOG_COMPILER_APPICON_NAME = AppIcon;
				ASSETCATALOG_COMPILER_GLOBAL_ACCENT_COLOR_NAME = AccentColor;
				CODE_SIGN_ENTITLEMENTS = Wello/Wello.entitlements;
				CODE_SIGN_STYLE = Automatic;
				CURRENT_PROJECT_VERSION = 1;
				DEVELOPMENT_TEAM = 3DN5WMRWS5;
				ENABLE_PREVIEWS = YES;
				GENERATE_INFOPLIST_FILE = YES;
				INFOPLIST_KEY_NSHealthShareUsageDescription = "Wello lit tes séances et ton poids pour personnaliser ton objectif d'hydratation.";
				INFOPLIST_KEY_NSHealthUpdateUsageDescription = "Wello enregistre tes prises d'eau dans l'app Santé.";
				INFOPLIST_KEY_NSLocationWhenInUseUsageDescription = "Wello utilise ta position pour estimer la météo locale et ajuster l'objectif. ";
				INFOPLIST_KEY_UIApplicationSceneManifest_Generation = YES;
				INFOPLIST_KEY_UIApplicationSupportsIndirectInputEvents = YES;
				INFOPLIST_KEY_UILaunchScreen_Generation = YES;
				INFOPLIST_KEY_UISupportedInterfaceOrientations_iPad = "UIInterfaceOrientationPortrait UIInterfaceOrientationPortraitUpsideDown UIInterfaceOrientationLandscapeLeft UIInterfaceOrientationLandscapeRight";
				INFOPLIST_KEY_UISupportedInterfaceOrientations_iPhone = "UIInterfaceOrientationPortrait UIInterfaceOrientationLandscapeLeft UIInterfaceOrientationLandscapeRight";
				LD_RUNPATH_SEARCH_PATHS = (
					"$(inherited)",
					"@executable_path/Frameworks",
				);
				MARKETING_VERSION = 1.0;
				PRODUCT_BUNDLE_IDENTIFIER = Life.Wello;
				PRODUCT_NAME = "$(TARGET_NAME)";
				STRING_CATALOG_GENERATE_SYMBOLS = YES;
				SWIFT_APPROACHABLE_CONCURRENCY = YES;
				SWIFT_DEFAULT_ACTOR_ISOLATION = MainActor;
				SWIFT_EMIT_LOC_STRINGS = YES;
				SWIFT_UPCOMING_FEATURE_MEMBER_IMPORT_VISIBILITY = YES;
				SWIFT_VERSION = 5.0;
				TARGETED_DEVICE_FAMILY = "1,2";
			};
			name = Release;
		};
		57493DB72FD067150017F901 /* Debug */ = {
			isa = XCBuildConfiguration;
			buildSettings = {
				BUNDLE_LOADER = "$(TEST_HOST)";
				CODE_SIGN_STYLE = Automatic;
				CURRENT_PROJECT_VERSION = 1;
				DEVELOPMENT_TEAM = 3DN5WMRWS5;
				GENERATE_INFOPLIST_FILE = YES;
				IPHONEOS_DEPLOYMENT_TARGET = 26.5;
				MARKETING_VERSION = 1.0;
				PRODUCT_BUNDLE_IDENTIFIER = Life.WelloTests;
				PRODUCT_NAME = "$(TARGET_NAME)";
				STRING_CATALOG_GENERATE_SYMBOLS = NO;
				SWIFT_APPROACHABLE_CONCURRENCY = YES;
				SWIFT_EMIT_LOC_STRINGS = NO;
				SWIFT_UPCOMING_FEATURE_MEMBER_IMPORT_VISIBILITY = YES;
				SWIFT_VERSION = 5.0;
				TARGETED_DEVICE_FAMILY = "1,2";
				TEST_HOST = "$(BUILT_PRODUCTS_DIR)/Wello.app/$(BUNDLE_EXECUTABLE_FOLDER_PATH)/Wello";
			};
			name = Debug;
		};
		57493DB82FD067150017F901 /* Release */ = {
			isa = XCBuildConfiguration;
			buildSettings = {
				BUNDLE_LOADER = "$(TEST_HOST)";
				CODE_SIGN_STYLE = Automatic;
				CURRENT_PROJECT_VERSION = 1;
				DEVELOPMENT_TEAM = 3DN5WMRWS5;
				GENERATE_INFOPLIST_FILE = YES;
				IPHONEOS_DEPLOYMENT_TARGET = 26.5;
				MARKETING_VERSION = 1.0;
				PRODUCT_BUNDLE_IDENTIFIER = Life.WelloTests;
				PRODUCT_NAME = "$(TARGET_NAME)";
				STRING_CATALOG_GENERATE_SYMBOLS = NO;
				SWIFT_APPROACHABLE_CONCURRENCY = YES;
				SWIFT_EMIT_LOC_STRINGS = NO;
				SWIFT_UPCOMING_FEATURE_MEMBER_IMPORT_VISIBILITY = YES;
				SWIFT_VERSION = 5.0;
				TARGETED_DEVICE_FAMILY = "1,2";
				TEST_HOST = "$(BUILT_PRODUCTS_DIR)/Wello.app/$(BUNDLE_EXECUTABLE_FOLDER_PATH)/Wello";
			};
			name = Release;
		};
		57493DBA2FD067150017F901 /* Debug */ = {
			isa = XCBuildConfiguration;
			buildSettings = {
				CODE_SIGN_STYLE = Automatic;
				CURRENT_PROJECT_VERSION = 1;
				DEVELOPMENT_TEAM = 3DN5WMRWS5;
				GENERATE_INFOPLIST_FILE = YES;
				MARKETING_VERSION = 1.0;
				PRODUCT_BUNDLE_IDENTIFIER = Life.WelloUITests;
				PRODUCT_NAME = "$(TARGET_NAME)";
				STRING_CATALOG_GENERATE_SYMBOLS = NO;
				SWIFT_APPROACHABLE_CONCURRENCY = YES;
				SWIFT_EMIT_LOC_STRINGS = NO;
				SWIFT_UPCOMING_FEATURE_MEMBER_IMPORT_VISIBILITY = YES;
				SWIFT_VERSION = 5.0;
				TARGETED_DEVICE_FAMILY = "1,2";
				TEST_TARGET_NAME = Wello;
			};
			name = Debug;
		};
		57493DBB2FD067150017F901 /* Release */ = {
			isa = XCBuildConfiguration;
			buildSettings = {
				CODE_SIGN_STYLE = Automatic;
				CURRENT_PROJECT_VERSION = 1;
				DEVELOPMENT_TEAM = 3DN5WMRWS5;
				GENERATE_INFOPLIST_FILE = YES;
				MARKETING_VERSION = 1.0;
				PRODUCT_BUNDLE_IDENTIFIER = Life.WelloUITests;
				PRODUCT_NAME = "$(TARGET_NAME)";
				STRING_CATALOG_GENERATE_SYMBOLS = NO;
				SWIFT_APPROACHABLE_CONCURRENCY = YES;
				SWIFT_EMIT_LOC_STRINGS = NO;
				SWIFT_UPCOMING_FEATURE_MEMBER_IMPORT_VISIBILITY = YES;
				SWIFT_VERSION = 5.0;
				TARGETED_DEVICE_FAMILY = "1,2";
				TEST_TARGET_NAME = Wello;
			};
			name = Release;
		};
/* End XCBuildConfiguration section */

/* Begin XCConfigurationList section */
		571E87B12FDB0BE000D2C2E9 /* Build configuration list for PBXNativeTarget "WelloWidgetExtension" */ = {
			isa = XCConfigurationList;
			buildConfigurations = (
				571E87AF2FDB0BE000D2C2E9 /* Debug */,
				571E87B02FDB0BE000D2C2E9 /* Release */,
			);
			defaultConfigurationIsVisible = 0;
			defaultConfigurationName = Release;
		};
		573503162FE58E200005C676 /* Build configuration list for PBXNativeTarget "WelloWatch Watch App" */ = {
			isa = XCConfigurationList;
			buildConfigurations = (
				573503172FE58E200005C676 /* Debug */,
				573503182FE58E200005C676 /* Release */,
			);
			defaultConfigurationIsVisible = 0;
			defaultConfigurationName = Release;
		};
		5735031A2FE58E200005C676 /* Build configuration list for PBXNativeTarget "WelloWatch Watch AppTests" */ = {
			isa = XCConfigurationList;
			buildConfigurations = (
				5735031B2FE58E200005C676 /* Debug */,
				5735031C2FE58E200005C676 /* Release */,
			);
			defaultConfigurationIsVisible = 0;
			defaultConfigurationName = Release;
		};
		5735031D2FE58E200005C676 /* Build configuration list for PBXNativeTarget "WelloWatch Watch AppUITests" */ = {
			isa = XCConfigurationList;
			buildConfigurations = (
				5735031E2FE58E200005C676 /* Debug */,
				5735031F2FE58E200005C676 /* Release */,
			);
			defaultConfigurationIsVisible = 0;
			defaultConfigurationName = Release;
		};
		57493D8D2FD067130017F901 /* Build configuration list for PBXProject "Wello" */ = {
			isa = XCConfigurationList;
			buildConfigurations = (
				57493DB12FD067150017F901 /* Debug */,
				57493DB22FD067150017F901 /* Release */,
			);
			defaultConfigurationIsVisible = 0;
			defaultConfigurationName = Release;
		};
		57493DB32FD067150017F901 /* Build configuration list for PBXNativeTarget "Wello" */ = {
			isa = XCConfigurationList;
			buildConfigurations = (
				57493DB42FD067150017F901 /* Debug */,
				57493DB52FD067150017F901 /* Release */,
			);
			defaultConfigurationIsVisible = 0;
			defaultConfigurationName = Release;
		};
		57493DB62FD067150017F901 /* Build configuration list for PBXNativeTarget "WelloTests" */ = {
			isa = XCConfigurationList;
			buildConfigurations = (
				57493DB72FD067150017F901 /* Debug */,
				57493DB82FD067150017F901 /* Release */,
			);
			defaultConfigurationIsVisible = 0;
			defaultConfigurationName = Release;
		};
		57493DB92FD067150017F901 /* Build configuration list for PBXNativeTarget "WelloUITests" */ = {
			isa = XCConfigurationList;
			buildConfigurations = (
				57493DBA2FD067150017F901 /* Debug */,
				57493DBB2FD067150017F901 /* Release */,
			);
			defaultConfigurationIsVisible = 0;
			defaultConfigurationName = Release;
		};
/* End XCConfigurationList section */

/* Begin XCLocalSwiftPackageReference section */
		57493DE02FD06BB00017F901 /* XCLocalSwiftPackageReference "../WelloKit" */ = {
			isa = XCLocalSwiftPackageReference;
			relativePath = ../WelloKit;
		};
/* End XCLocalSwiftPackageReference section */

/* Begin XCSwiftPackageProductDependency section */
		571E87BC2FDB0E8000D2C2E9 /* WelloKit */ = {
			isa = XCSwiftPackageProductDependency;
			package = 57493DE02FD06BB00017F901 /* XCLocalSwiftPackageReference "../WelloKit" */;
			productName = WelloKit;
		};
		5735032A2FE58EF90005C676 /* WelloKit */ = {
			isa = XCSwiftPackageProductDependency;
			package = 57493DE02FD06BB00017F901 /* XCLocalSwiftPackageReference "../WelloKit" */;
			productName = WelloKit;
		};
		57493DE12FD06BB00017F901 /* WelloKit */ = {
			isa = XCSwiftPackageProductDependency;
			productName = WelloKit;
		};
/* End XCSwiftPackageProductDependency section */
	};
	rootObject = 57493D8A2FD067130017F901 /* Project object */;
}
